
Microsoft Visual Studio Solution File, Format Version 12.00
# Visual Studio 15
VisualStudioVersion = 15.0.25914.0
MinimumVisualStudioVersion = 10.0.40219.1
Project("{FAE04EC0-301F-11D3-BF4B-00C04F79EFBC}") = "MyDiary.Droid", "MyDiary\MyDiary.Droid\MyDiary.Droid.csproj", "{75AA3227-3397-4939-9C45-3189CEF14692}"
EndProject
Project("{FAE04EC0-301F-11D3-BF4B-00C04F79EFBC}") = "MyDiary.iOS", "MyDiary\MyDiary.iOS\MyDiary.iOS.csproj", "{E1FE8F28-2A13-47B4-AC40-8B0D68DE3102}"
EndProject
Project("{FAE04EC0-301F-11D3-BF4B-00C04F79EFBC}") = "MyDiary.UWP", "MyDiary\MyDiary.UWP\MyDiary.UWP.csproj", "{35E20034-8314-421F-8BE1-0619C1A027A5}"
EndProject
Project("{D954291E-2A0B-460D-934E-DC6B0785DB48}") = "MyDiary", "MyDiary\MyDiary\MyDiary.shproj", "{6128C828-33AD-4A09-A9B2-BCBEA3C0F3C0}"
EndProject
Global
	GlobalSection(SharedMSBuildProjectFiles) = preSolution
		MyDiary\MyDiary\MyDiary.projitems*{35e20034-8314-421f-8be1-0619c1a027a5}*SharedItemsImports = 4
		MyDiary\MyDiary\MyDiary.projitems*{6128c828-33ad-4a09-a9b2-bcbea3c0f3c0}*SharedItemsImports = 13
		MyDiary\MyDiary\MyDiary.projitems*{75aa3227-3397-4939-9c45-3189cef14692}*SharedItemsImports = 4
		MyDiary\MyDiary\MyDiary.projitems*{e1fe8f28-2a13-47b4-ac40-8b0d68de3102}*SharedItemsImports = 4
	EndGlobalSection
	GlobalSection(SolutionConfigurationPlatforms) = preSolution
		Ad-Hoc|Any CPU = Ad-Hoc|Any CPU
		Ad-Hoc|ARM = Ad-Hoc|ARM
		Ad-Hoc|iPhone = Ad-Hoc|iPhone
		Ad-Hoc|iPhoneSimulator = Ad-Hoc|iPhoneSimulator
		Ad-Hoc|x64 = Ad-Hoc|x64
		Ad-Hoc|x86 = Ad-Hoc|x86
		AppStore|Any CPU = AppStore|Any CPU
		AppStore|ARM = AppStore|ARM
		AppStore|iPhone = AppStore|iPhone
		AppStore|iPhoneSimulator = AppStore|iPhoneSimulator
		AppStore|x64 = AppStore|x64
		AppStore|x86 = AppStore|x86
		Debug|Any CPU = Debug|Any CPU
		Debug|ARM = Debug|ARM
		Debug|iPhone = Debug|iPhone
		Debug|iPhoneSimulator = Debug|iPhoneSimulator
		Debug|x64 = Debug|x64
		Debug|x86 = Debug|x86
		Release|Any CPU = Release|Any CPU
		Release|ARM = Release|ARM
		Release|iPhone = Release|iPhone
		Release|iPhoneSimulator = Release|iPhoneSimulator
		Release|x64 = Release|x64
		Release|x86 = Release|x86
	EndGlobalSection
	GlobalSection(ProjectConfigurationPlatforms) = postSolution
		{75AA3227-3397-4939-9C45-3189CEF14692}.Ad-Hoc|Any CPU.ActiveCfg = Release|Any CPU
		{75AA3227-3397-4939-9C45-3189CEF14692}.Ad-Hoc|Any CPU.Build.0 = Release|Any CPU
		{75AA3227-3397-4939-9C45-3189CEF14692}.Ad-Hoc|Any CPU.Deploy.0 = Release|Any CPU
		{75AA3227-3397-4939-9C45-3189CEF14692}.Ad-Hoc|ARM.ActiveCfg = Release|Any CPU
		{75AA3227-3397-4939-9C45-3189CEF14692}.Ad-Hoc|ARM.Build.0 = Release|Any CPU
		{75AA3227-3397-4939-9C45-3189CEF14692}.Ad-Hoc|ARM.Deploy.0 = Release|Any CPU
		{75AA3227-3397-4939-9C45-3189CEF14692}.Ad-Hoc|iPhone.ActiveCfg = Release|Any CPU
		{75AA3227-3397-4939-9C45-3189CEF14692}.Ad-Hoc|iPhone.Build.0 = Release|Any CPU
		{75AA3227-3397-4939-9C45-3189CEF14692}.Ad-Hoc|iPhone.Deploy.0 = Release|Any CPU
		{75AA3227-3397-4939-9C45-3189CEF14692}.Ad-Hoc|iPhoneSimulator.ActiveCfg = Release|Any CPU
		{75AA3227-3397-4939-9C45-3189CEF14692}.Ad-Hoc|iPhoneSimulator.Build.0 = Release|Any CPU
		{75AA3227-3397-4939-9C45-3189CEF14692}.Ad-Hoc|iPhoneSimulator.Deploy.0 = Release|Any CPU
		{75AA3227-3397-4939-9C45-3189CEF14692}.Ad-Hoc|x64.ActiveCfg = Release|Any CPU
		{75AA3227-3397-4939-9C45-3189CEF14692}.Ad-Hoc|x64.Build.0 = Release|Any CPU
		{75AA3227-3397-4939-9C45-3189CEF14692}.Ad-Hoc|x64.Deploy.0 = Release|Any CPU
		{75AA3227-3397-4939-9C45-3189CEF14692}.Ad-Hoc|x86.ActiveCfg = Release|Any CPU
		{75AA3227-3397-4939-9C45-3189CEF14692}.Ad-Hoc|x86.Build.0 = Release|Any CPU
		{75AA3227-3397-4939-9C45-3189CEF14692}.Ad-Hoc|x86.Deploy.0 = Release|Any CPU
		{75AA3227-3397-4939-9C45-3189CEF14692}.AppStore|Any CPU.ActiveCfg = Release|Any CPU
		{75AA3227-3397-4939-9C45-3189CEF14692}.AppStore|Any CPU.Build.0 = Release|Any CPU
		{75AA3227-3397-4939-9C45-3189CEF14692}.AppStore|Any CPU.Deploy.0 = Release|Any CPU
		{75AA3227-3397-4939-9C45-3189CEF14692}.AppStore|ARM.ActiveCfg = Release|Any CPU
		{75AA3227-3397-4939-9C45-3189CEF14692}.AppStore|ARM.Build.0 = Release|Any CPU
		{75AA3227-3397-4939-9C45-3189CEF14692}.AppStore|ARM.Deploy.0 = Release|Any CPU
		{75AA3227-3397-4939-9C45-3189CEF14692}.AppStore|iPhone.ActiveCfg = Release|Any CPU
		{75AA3227-3397-4939-9C45-3189CEF14692}.AppStore|iPhone.Build.0 = Release|Any CPU
		{75AA3227-3397-4939-9C45-3189CEF14692}.AppStore|iPhone.Deploy.0 = Release|Any CPU
		{75AA3227-3397-4939-9C45-3189CEF14692}.AppStore|iPhoneSimulator.ActiveCfg = Release|Any CPU
		{75AA3227-3397-4939-9C45-3189CEF14692}.AppStore|iPhoneSimulator.Build.0 = Release|Any CPU
		{75AA3227-3397-4939-9C45-3189CEF14692}.AppStore|iPhoneSimulator.Deploy.0 = Release|Any CPU
		{75AA3227-3397-4939-9C45-3189CEF14692}.AppStore|x64.ActiveCfg = Release|Any CPU
		{75AA3227-3397-4939-9C45-3189CEF14692}.AppStore|x64.Build.0 = Release|Any CPU
		{75AA3227-3397-4939-9C45-3189CEF14692}.AppStore|x64.Deploy.0 = Release|Any CPU
		{75AA3227-3397-4939-9C45-3189CEF14692}.AppStore|x86.ActiveCfg = Release|Any CPU
		{75AA3227-3397-4939-9C45-3189CEF14692}.AppStore|x86.Build.0 = Release|Any CPU
		{75AA3227-3397-4939-9C45-3189CEF14692}.AppStore|x86.Deploy.0 = Release|Any CPU
		{75AA3227-3397-4939-9C45-3189CEF14692}.Debug|Any CPU.ActiveCfg = Debug|Any CPU
		{75AA3227-3397-4939-9C45-3189CEF14692}.Debug|Any CPU.Build.0 = Debug|Any CPU
		{75AA3227-3397-4939-9C45-3189CEF14692}.Debug|Any CPU.Deploy.0 = Debug|Any CPU
		{75AA3227-3397-4939-9C45-3189CEF14692}.Debug|ARM.ActiveCfg = Debug|Any CPU
		{75AA3227-3397-4939-9C45-3189CEF14692}.Debug|ARM.Build.0 = Debug|Any CPU
		{75AA3227-3397-4939-9C45-3189CEF14692}.Debug|ARM.Deploy.0 = Debug|Any CPU
		{75AA3227-3397-4939-9C45-3189CEF14692}.Debug|iPhone.ActiveCfg = Debug|Any CPU
		{75AA3227-3397-4939-9C45-3189CEF14692}.Debug|iPhone.Build.0 = Debug|Any CPU
		{75AA3227-3397-4939-9C45-3189CEF14692}.Debug|iPhone.Deploy.0 = Debug|Any CPU
		{75AA3227-3397-4939-9C45-3189CEF14692}.Debug|iPhoneSimulator.ActiveCfg = Debug|Any CPU
		{75AA3227-3397-4939-9C45-3189CEF14692}.Debug|iPhoneSimulator.Build.0 = Debug|Any CPU
		{75AA3227-3397-4939-9C45-3189CEF14692}.Debug|iPhoneSimulator.Deploy.0 = Debug|Any CPU
		{75AA3227-3397-4939-9C45-3189CEF14692}.Debug|x64.ActiveCfg = Debug|Any CPU
		{75AA3227-3397-4939-9C45-3189CEF14692}.Debug|x64.Build.0 = Debug|Any CPU
		{75AA3227-3397-4939-9C45-3189CEF14692}.Debug|x64.Deploy.0 = Debug|Any CPU
		{75AA3227-3397-4939-9C45-3189CEF14692}.Debug|x86.ActiveCfg = Debug|Any CPU
		{75AA3227-3397-4939-9C45-3189CEF14692}.Debug|x86.Build.0 = Debug|Any CPU
		{75AA3227-3397-4939-9C45-3189CEF14692}.Debug|x86.Deploy.0 = Debug|Any CPU
		{75AA3227-3397-4939-9C45-3189CEF14692}.Release|Any CPU.ActiveCfg = Release|Any CPU
		{75AA3227-3397-4939-9C45-3189CEF14692}.Release|Any CPU.Build.0 = Release|Any CPU
		{75AA3227-3397-4939-9C45-3189CEF14692}.Release|Any CPU.Deploy.0 = Release|Any CPU
		{75AA3227-3397-4939-9C45-3189CEF14692}.Release|ARM.ActiveCfg = Release|Any CPU
		{75AA3227-3397-4939-9C45-3189CEF14692}.Release|ARM.Build.0 = Release|Any CPU
		{75AA3227-3397-4939-9C45-3189CEF14692}.Release|ARM.Deploy.0 = Release|Any CPU
		{75AA3227-3397-4939-9C45-3189CEF14692}.Release|iPhone.ActiveCfg = Release|Any CPU
		{75AA3227-3397-4939-9C45-3189CEF14692}.Release|iPhone.Build.0 = Release|Any CPU
		{75AA3227-3397-4939-9C45-3189CEF14692}.Release|iPhone.Deploy.0 = Release|Any CPU
		{75AA3227-3397-4939-9C45-3189CEF14692}.Release|iPhoneSimulator.ActiveCfg = Release|Any CPU
		{75AA3227-3397-4939-9C45-3189CEF14692}.Release|iPhoneSimulator.Build.0 = Release|Any CPU
		{75AA3227-3397-4939-9C45-3189CEF14692}.Release|iPhoneSimulator.Deploy.0 = Release|Any CPU
		{75AA3227-3397-4939-9C45-3189CEF14692}.Release|x64.ActiveCfg = Release|Any CPU
		{75AA3227-3397-4939-9C45-3189CEF14692}.Release|x64.Build.0 = Release|Any CPU
		{75AA3227-3397-4939-9C45-3189CEF14692}.Release|x64.Deploy.0 = Release|Any CPU
		{75AA3227-3397-4939-9C45-3189CEF14692}.Release|x86.ActiveCfg = Release|Any CPU
		{75AA3227-3397-4939-9C45-3189CEF14692}.Release|x86.Build.0 = Release|Any CPU
		{75AA3227-3397-4939-9C45-3189CEF14692}.Release|x86.Deploy.0 = Release|Any CPU
		{E1FE8F28-2A13-47B4-AC40-8B0D68DE3102}.Ad-Hoc|Any CPU.ActiveCfg = Ad-Hoc|iPhone
		{E1FE8F28-2A13-47B4-AC40-8B0D68DE3102}.Ad-Hoc|ARM.ActiveCfg = Ad-Hoc|iPhone
		{E1FE8F28-2A13-47B4-AC40-8B0D68DE3102}.Ad-Hoc|iPhone.ActiveCfg = Ad-Hoc|iPhone
		{E1FE8F28-2A13-47B4-AC40-8B0D68DE3102}.Ad-Hoc|iPhone.Build.0 = Ad-Hoc|iPhone
		{E1FE8F28-2A13-47B4-AC40-8B0D68DE3102}.Ad-Hoc|iPhoneSimulator.ActiveCfg = Ad-Hoc|iPhoneSimulator
		{E1FE8F28-2A13-47B4-AC40-8B0D68DE3102}.Ad-Hoc|iPhoneSimulator.Build.0 = Ad-Hoc|iPhoneSimulator
		{E1FE8F28-2A13-47B4-AC40-8B0D68DE3102}.Ad-Hoc|x64.ActiveCfg = Ad-Hoc|iPhone
		{E1FE8F28-2A13-47B4-AC40-8B0D68DE3102}.Ad-Hoc|x86.ActiveCfg = Ad-Hoc|iPhone
		{E1FE8F28-2A13-47B4-AC40-8B0D68DE3102}.AppStore|Any CPU.ActiveCfg = AppStore|iPhone
		{E1FE8F28-2A13-47B4-AC40-8B0D68DE3102}.AppStore|ARM.ActiveCfg = AppStore|iPhone
		{E1FE8F28-2A13-47B4-AC40-8B0D68DE3102}.AppStore|iPhone.ActiveCfg = AppStore|iPhone
		{E1FE8F28-2A13-47B4-AC40-8B0D68DE3102}.AppStore|iPhone.Build.0 = AppStore|iPhone
		{E1FE8F28-2A13-47B4-AC40-8B0D68DE3102}.AppStore|iPhoneSimulator.ActiveCfg = AppStore|iPhoneSimulator
		{E1FE8F28-2A13-47B4-AC40-8B0D68DE3102}.AppStore|iPhoneSimulator.Build.0 = AppStore|iPhoneSimulator
		{E1FE8F28-2A13-47B4-AC40-8B0D68DE3102}.AppStore|x64.ActiveCfg = AppStore|iPhone
		{E1FE8F28-2A13-47B4-AC40-8B0D68DE3102}.AppStore|x86.ActiveCfg = AppStore|iPhone
		{E1FE8F28-2A13-47B4-AC40-8B0D68DE3102}.Debug|Any CPU.ActiveCfg = Debug|iPhoneSimulator
		{E1FE8F28-2A13-47B4-AC40-8B0D68DE3102}.Debug|ARM.ActiveCfg = Debug|iPhone
		{E1FE8F28-2A13-47B4-AC40-8B0D68DE3102}.Debug|iPhone.ActiveCfg = Debug|iPhone
		{E1FE8F28-2A13-47B4-AC40-8B0D68DE3102}.Debug|iPhone.Build.0 = Debug|iPhone
		{E1FE8F28-2A13-47B4-AC40-8B0D68DE3102}.Debug|iPhoneSimulator.ActiveCfg = Debug|iPhoneSimulator
		{E1FE8F28-2A13-47B4-AC40-8B0D68DE3102}.Debug|iPhoneSimulator.Build.0 = Debug|iPhoneSimulator
		{E1FE8F28-2A13-47B4-AC40-8B0D68DE3102}.Debug|x64.ActiveCfg = Debug|iPhoneSimulator
		{E1FE8F28-2A13-47B4-AC40-8B0D68DE3102}.Debug|x64.Build.0 = Debug|iPhoneSimulator
		{E1FE8F28-2A13-47B4-AC40-8B0D68DE3102}.Debug|x86.ActiveCfg = Debug|iPhoneSimulator
		{E1FE8F28-2A13-47B4-AC40-8B0D68DE3102}.Release|Any CPU.ActiveCfg = Release|iPhone
		{E1FE8F28-2A13-47B4-AC40-8B0D68DE3102}.Release|ARM.ActiveCfg = Release|iPhone
		{E1FE8F28-2A13-47B4-AC40-8B0D68DE3102}.Release|iPhone.ActiveCfg = Release|iPhone
		{E1FE8F28-2A13-47B4-AC40-8B0D68DE3102}.Release|iPhone.Build.0 = Release|iPhone
		{E1FE8F28-2A13-47B4-AC40-8B0D68DE3102}.Release|iPhoneSimulator.ActiveCfg = Release|iPhoneSimulator
		{E1FE8F28-2A13-47B4-AC40-8B0D68DE3102}.Release|iPhoneSimulator.Build.0 = Release|iPhoneSimulator
		{E1FE8F28-2A13-47B4-AC40-8B0D68DE3102}.Release|x64.ActiveCfg = Release|iPhone
		{E1FE8F28-2A13-47B4-AC40-8B0D68DE3102}.Release|x86.ActiveCfg = Release|iPhone
		{35E20034-8314-421F-8BE1-0619C1A027A5}.Ad-Hoc|Any CPU.ActiveCfg = Release|x86
		{35E20034-8314-421F-8BE1-0619C1A027A5}.Ad-Hoc|Any CPU.Build.0 = Release|x86
		{35E20034-8314-421F-8BE1-0619C1A027A5}.Ad-Hoc|Any CPU.Deploy.0 = Release|x86
		{35E20034-8314-421F-8BE1-0619C1A027A5}.Ad-Hoc|ARM.ActiveCfg = Release|ARM
		{35E20034-8314-421F-8BE1-0619C1A027A5}.Ad-Hoc|ARM.Build.0 = Release|ARM
		{35E20034-8314-421F-8BE1-0619C1A027A5}.Ad-Hoc|ARM.Deploy.0 = Release|ARM
		{35E20034-8314-421F-8BE1-0619C1A027A5}.Ad-Hoc|iPhone.ActiveCfg = Release|x86
		{35E20034-8314-421F-8BE1-0619C1A027A5}.Ad-Hoc|iPhone.Build.0 = Release|x86
		{35E20034-8314-421F-8BE1-0619C1A027A5}.Ad-Hoc|iPhone.Deploy.0 = Release|x86
		{35E20034-8314-421F-8BE1-0619C1A027A5}.Ad-Hoc|iPhoneSimulator.ActiveCfg = Release|x86
		{35E20034-8314-421F-8BE1-0619C1A027A5}.Ad-Hoc|iPhoneSimulator.Build.0 = Release|x86
		{35E20034-8314-421F-8BE1-0619C1A027A5}.Ad-Hoc|iPhoneSimulator.Deploy.0 = Release|x86
		{35E20034-8314-421F-8BE1-0619C1A027A5}.Ad-Hoc|x64.ActiveCfg = Release|x64
		{35E20034-8314-421F-8BE1-0619C1A027A5}.Ad-Hoc|x64.Build.0 = Release|x64
		{35E20034-8314-421F-8BE1-0619C1A027A5}.Ad-Hoc|x64.Deploy.0 = Release|x64
		{35E20034-8314-421F-8BE1-0619C1A027A5}.Ad-Hoc|x86.ActiveCfg = Release|x86
		{35E20034-8314-421F-8BE1-0619C1A027A5}.Ad-Hoc|x86.Build.0 = Release|x86
		{35E20034-8314-421F-8BE1-0619C1A027A5}.Ad-Hoc|x86.Deploy.0 = Release|x86
		{35E20034-8314-421F-8BE1-0619C1A027A5}.AppStore|Any CPU.ActiveCfg = Release|x86
		{35E20034-8314-421F-8BE1-0619C1A027A5}.AppStore|Any CPU.Build.0 = Release|x86
		{35E20034-8314-421F-8BE1-0619C1A027A5}.AppStore|Any CPU.Deploy.0 = Release|x86
		{35E20034-8314-421F-8BE1-0619C1A027A5}.AppStore|ARM.ActiveCfg = Release|ARM
		{35E20034-8314-421F-8BE1-0619C1A027A5}.AppStore|ARM.Build.0 = Release|ARM
		{35E20034-8314-421F-8BE1-0619C1A027A5}.AppStore|ARM.Deploy.0 = Release|ARM
		{35E20034-8314-421F-8BE1-0619C1A027A5}.AppStore|iPhone.ActiveCfg = Release|x86
		{35E20034-8314-421F-8BE1-0619C1A027A5}.AppStore|iPhone.Build.0 = Release|x86
		{35E20034-8314-421F-8BE1-0619C1A027A5}.AppStore|iPhone.Deploy.0 = Release|x86
		{35E20034-8314-421F-8BE1-0619C1A027A5}.AppStore|iPhoneSimulator.ActiveCfg = Release|x86
		{35E20034-8314-421F-8BE1-0619C1A027A5}.AppStore|iPhoneSimulator.Build.0 = Release|x86
		{35E20034-8314-421F-8BE1-0619C1A027A5}.AppStore|iPhoneSimulator.Deploy.0 = Release|x86
		{35E20034-8314-421F-8BE1-0619C1A027A5}.AppStore|x64.ActiveCfg = Release|x64
		{35E20034-8314-421F-8BE1-0619C1A027A5}.AppStore|x64.Build.0 = Release|x64
		{35E20034-8314-421F-8BE1-0619C1A027A5}.AppStore|x64.Deploy.0 = Release|x64
		{35E20034-8314-421F-8BE1-0619C1A027A5}.AppStore|x86.ActiveCfg = Release|x86
		{35E20034-8314-421F-8BE1-0619C1A027A5}.AppStore|x86.Build.0 = Release|x86
		{35E20034-8314-421F-8BE1-0619C1A027A5}.AppStore|x86.Deploy.0 = Release|x86
		{35E20034-8314-421F-8BE1-0619C1A027A5}.Debug|Any CPU.ActiveCfg = Debug|x64
		{35E20034-8314-421F-8BE1-0619C1A027A5}.Debug|ARM.ActiveCfg = Debug|ARM
		{35E20034-8314-421F-8BE1-0619C1A027A5}.Debug|ARM.Build.0 = Debug|ARM
		{35E20034-8314-421F-8BE1-0619C1A027A5}.Debug|ARM.Deploy.0 = Debug|ARM
		{35E20034-8314-421F-8BE1-0619C1A027A5}.Debug|iPhone.ActiveCfg = Debug|x86
		{35E20034-8314-421F-8BE1-0619C1A027A5}.Debug|iPhoneSimulator.ActiveCfg = Debug|x64
		{35E20034-8314-421F-8BE1-0619C1A027A5}.Debug|x64.ActiveCfg = Debug|x64
		{35E20034-8314-421F-8BE1-0619C1A027A5}.Debug|x64.Build.0 = Debug|x64
		{35E20034-8314-421F-8BE1-0619C1A027A5}.Debug|x64.Deploy.0 = Debug|x64
		{35E20034-8314-421F-8BE1-0619C1A027A5}.Debug|x86.ActiveCfg = Debug|x86
		{35E20034-8314-421F-8BE1-0619C1A027A5}.Debug|x86.Build.0 = Debug|x86
		{35E20034-8314-421F-8BE1-0619C1A027A5}.Debug|x86.Deploy.0 = Debug|x86
		{35E20034-8314-421F-8BE1-0619C1A027A5}.Release|Any CPU.ActiveCfg = Release|x86
		{35E20034-8314-421F-8BE1-0619C1A027A5}.Release|ARM.ActiveCfg = Release|ARM
		{35E20034-8314-421F-8BE1-0619C1A027A5}.Release|ARM.Build.0 = Release|ARM
		{35E20034-8314-421F-8BE1-0619C1A027A5}.Release|ARM.Deploy.0 = Release|ARM
		{35E20034-8314-421F-8BE1-0619C1A027A5}.Release|iPhone.ActiveCfg = Release|x86
		{35E20034-8314-421F-8BE1-0619C1A027A5}.Release|iPhoneSimulator.ActiveCfg = Release|x86
		{35E20034-8314-421F-8BE1-0619C1A027A5}.Release|x64.ActiveCfg = Release|x64
		{35E20034-8314-421F-8BE1-0619C1A027A5}.Release|x64.Build.0 = Release|x64
		{35E20034-8314-421F-8BE1-0619C1A027A5}.Release|x64.Deploy.0 = Release|x64
		{35E20034-8314-421F-8BE1-0619C1A027A5}.Release|x86.ActiveCfg = Release|x86
		{35E20034-8314-421F-8BE1-0619C1A027A5}.Release|x86.Build.0 = Release|x86
		{35E20034-8314-421F-8BE1-0619C1A027A5}.Release|x86.Deploy.0 = Release|x86
	EndGlobalSection
	GlobalSection(SolutionProperties) = preSolution
		HideSolutionNode = FALSE
	EndGlobalSection
EndGlobal
